
Microsoft Visual Studio Solution File, Format Version 12.00
# Visual Studio Version 16
VisualStudioVersion = 25.0.1706.8
MinimumVisualStudioVersion = 10.0.40219.1
Project("{FAE04EC0-301F-11D3-BF4B-00C04F79EFBC}") = "Yinnaxs_BackEnd", "Yinnaxs_BackEnd\Yinnaxs_BackEnd.csproj", "{D63DF117-B059-41E9-B68E-CC4CE02F1E92}"
EndProject
Project("{E53339B2-1760-4266-BCC7-CA923CBCF16C}") = "docker-compose", "docker-compose.dcproj", "{F0BAF8DB-AA2B-494C-A77A-C6549BAD5763}"
EndProject
Global
	GlobalSection(SolutionConfigurationPlatforms) = preSolution
		Debug|Any CPU = Debug|Any CPU
		Release|Any CPU = Release|Any CPU
	EndGlobalSection
	GlobalSection(ProjectConfigurationPlatforms) = postSolution
		{F0BAF8DB-AA2B-494C-A77A-C6549BAD5763}.Debug|Any CPU.ActiveCfg = Debug|Any CPU
		{F0BAF8DB-AA2B-494C-A77A-C6549BAD5763}.Debug|Any CPU.Build.0 = Debug|Any CPU
		{F0BAF8DB-AA2B-494C-A77A-C6549BAD5763}.Release|Any CPU.ActiveCfg = Release|Any CPU
		{F0BAF8DB-AA2B-494C-A77A-C6549BAD5763}.Release|Any CPU.Build.0 = Release|Any CPU
	EndGlobalSection
	GlobalSection(SolutionProperties) = preSolution
		HideSolutionNode = FALSE
	EndGlobalSection
	GlobalSection(ExtensibilityGlobals) = postSolution
		SolutionGuid = {CF8560B0-4B45-481D-AAF9-531C4E1AA253}
	EndGlobalSection
EndGlobal
